// !$*UTF8*$!
{
	archiveVersion = 1;
	classes = {
	};
	objectVersion = 56;
	objects = {

/* Begin PBXBuildFile section */
		24C106BF2C4FD2C5004CBECC /* AppDelegate.swift in Sources */ = {isa = PBXBuildFile; fileRef = 24C106BE2C4FD2C5004CBECC /* AppDelegate.swift */; };
		24C106C12C4FD2C5004CBECC /* SceneDelegate.swift in Sources */ = {isa = PBXBuildFile; fileRef = 24C106C02C4FD2C5004CBECC /* SceneDelegate.swift */; };
		24C106C32C4FD2C5004CBECC /* ViewController.swift in Sources */ = {isa = PBXBuildFile; fileRef = 24C106C22C4FD2C5004CBECC /* ViewController.swift */; };
		24C106C62C4FD2C5004CBECC /* Base in Resources */ = {isa = PBXBuildFile; fileRef = 24C106C52C4FD2C5004CBECC /* Base */; };
		24C106C82C4FD2C6004CBECC /* Assets.xcassets in Resources */ = {isa = PBXBuildFile; fileRef = 24C106C72C4FD2C6004CBECC /* Assets.xcassets */; };
		24C106CB2C4FD2C6004CBECC /* Base in Resources */ = {isa = PBXBuildFile; fileRef = 24C106CA2C4FD2C6004CBECC /* Base */; };
		24C106D62C4FD2C7004CBECC /* ExampleTests.swift in Sources */ = {isa = PBXBuildFile; fileRef = 24C106D52C4FD2C7004CBECC /* ExampleTests.swift */; };
		24C106E02C4FD2C7004CBECC /* ExampleUITests.swift in Sources */ = {isa = PBXBuildFile; fileRef = 24C106DF2C4FD2C7004CBECC /* ExampleUITests.swift */; };
		24C106E22C4FD2C7004CBECC /* ExampleUITestsLaunchTests.swift in Sources */ = {isa = PBXBuildFile; fileRef = 24C106E12C4FD2C7004CBECC /* ExampleUITestsLaunchTests.swift */; };
		CCF8B874A6ADAF8706746934 /* Pods_Example.framework in Frameworks */ = {isa = PBXBuildFile; fileRef = B84A90D6CD88530EABA3CE23 /* Pods_Example.framework */; };
/* End PBXBuildFile section */

/* Begin PBXContainerItemProxy section */
		24C106D22C4FD2C7004CBECC /* PBXContainerItemProxy */ = {
			isa = PBXContainerItemProxy;
			containerPortal = 24C106B32C4FD2C5004CBECC /* Project object */;
			proxyType = 1;
			remoteGlobalIDString = 24C106BA2C4FD2C5004CBECC;
			remoteInfo = Example;
		};
		24C106DC2C4FD2C7004CBECC /* PBXContainerItemProxy */ = {
			isa = PBXContainerItemProxy;
			containerPortal = 24C106B32C4FD2C5004CBECC /* Project object */;
			proxyType = 1;
			remoteGlobalIDString = 24C106BA2C4FD2C5004CBECC;
			remoteInfo = Example;
		};
/* End PBXContainerItemProxy section */

/* Begin PBXFileReference section */
		0C113D31D87F6F0BB566EA9C /* Pods-Example.debug.xcconfig */ = {isa = PBXFileReference; includeInIndex = 1; lastKnownFileType = text.xcconfig; name = "Pods-Example.debug.xcconfig"; path = "Target Support Files/Pods-Example/Pods-Example.debug.xcconfig"; sourceTree = "<group>"; };
		0CC8EF2CC8EFA52375A2E32F /* Pods-Example.release.xcconfig */ = {isa = PBXFileReference; includeInIndex = 1; lastKnownFileType = text.xcconfig; name = "Pods-Example.release.xcconfig"; path = "Target Support Files/Pods-Example/Pods-Example.release.xcconfig"; sourceTree = "<group>"; };
		24C106BB2C4FD2C5004CBECC /* Example.app */ = {isa = PBXFileReference; explicitFileType = wrapper.application; includeInIndex = 0; path = Example.app; sourceTree = BUILT_PRODUCTS_DIR; };
		24C106BE2C4FD2C5004CBECC /* AppDelegate.swift */ = {isa = PBXFileReference; lastKnownFileType = sourcecode.swift; path = AppDelegate.swift; sourceTree = "<group>"; };
		24C106C02C4FD2C5004CBECC /* SceneDelegate.swift */ = {isa = PBXFileReference; lastKnownFileType = sourcecode.swift; path = SceneDelegate.swift; sourceTree = "<group>"; };
		24C106C22C4FD2C5004CBECC /* ViewController.swift */ = {isa = PBXFileReference; lastKnownFileType = sourcecode.swift; path = ViewController.swift; sourceTree = "<group>"; };
		24C106C52C4FD2C5004CBECC /* Base */ = {isa = PBXFileReference; lastKnownFileType = file.storyboard; name = Base; path = Base.lproj/Main.storyboard; sourceTree = "<group>"; };
		24C106C72C4FD2C6004CBECC /* Assets.xcassets */ = {isa = PBXFileReference; lastKnownFileType = folder.assetcatalog; path = Assets.xcassets; sourceTree = "<group>"; };
		24C106CA2C4FD2C6004CBECC /* Base */ = {isa = PBXFileReference; lastKnownFileType = file.storyboard; name = Base; path = Base.lproj/LaunchScreen.storyboard; sourceTree = "<group>"; };
		24C106CC2C4FD2C6004CBECC /* Info.plist */ = {isa = PBXFileReference; lastKnownFileType = text.plist.xml; path = Info.plist; sourceTree = "<group>"; };
		24C106D12C4FD2C7004CBECC /* ExampleTests.xctest */ = {isa = PBXFileReference; explicitFileType = wrapper.cfbundle; includeInIndex = 0; path = ExampleTests.xctest; sourceTree = BUILT_PRODUCTS_DIR; };
		24C106D52C4FD2C7004CBECC /* ExampleTests.swift */ = {isa = PBXFileReference; lastKnownFileType = sourcecode.swift; path = ExampleTests.swift; sourceTree = "<group>"; };
		24C106DB2C4FD2C7004CBECC /* ExampleUITests.xctest */ = {isa = PBXFileReference; explicitFileType = wrapper.cfbundle; includeInIndex = 0; path = ExampleUITests.xctest; sourceTree = BUILT_PRODUCTS_DIR; };
		24C106DF2C4FD2C7004CBECC /* ExampleUITests.swift */ = {isa = PBXFileReference; lastKnownFileType = sourcecode.swift; path = ExampleUITests.swift; sourceTree = "<group>"; };
		24C106E12C4FD2C7004CBECC /* ExampleUITestsLaunchTests.swift */ = {isa = PBXFileReference; lastKnownFileType = sourcecode.swift; path = ExampleUITestsLaunchTests.swift; sourceTree = "<group>"; };
		B84A90D6CD88530EABA3CE23 /* Pods_Example.framework */ = {isa = PBXFileReference; explicitFileType = wrapper.framework; includeInIndex = 0; path = Pods_Example.framework; sourceTree = BUILT_PRODUCTS_DIR; };
/* End PBXFileReference section */

/* Begin PBXFrameworksBuildPhase section */
		24C106B82C4FD2C5004CBECC /* Frameworks */ = {
			isa = PBXFrameworksBuildPhase;
			buildActionMask = 2147483647;
			files = (
				CCF8B874A6ADAF8706746934 /* Pods_Example.framework in Frameworks */,
			);
			runOnlyForDeploymentPostprocessing = 0;
		};
		24C106CE2C4FD2C7004CBECC /* Frameworks */ = {
			isa = PBXFrameworksBuildPhase;
			buildActionMask = 2147483647;
			files = (
			);
			runOnlyForDeploymentPostprocessing = 0;
		};
		24C106D82C4FD2C7004CBECC /* Frameworks */ = {
			isa = PBXFrameworksBuildPhase;
			buildActionMask = 2147483647;
			files = (
			);
			runOnlyForDeploymentPostprocessing = 0;
		};
/* End PBXFrameworksBuildPhase section */

/* Begin PBXGroup section */
		24C106B22C4FD2C5004CBECC = {
			isa = PBXGroup;
			children = (
				24C106BD2C4FD2C5004CBECC /* Example */,
				24C106D42C4FD2C7004CBECC /* ExampleTests */,
				24C106DE2C4FD2C7004CBECC /* ExampleUITests */,
				24C106BC2C4FD2C5004CBECC /* Products */,
				AEB8EC6B67D20BA753ADB00D /* Pods */,
				44C4BD6E0E96838884EA564F /* Frameworks */,
			);
			sourceTree = "<group>";
		};
		24C106BC2C4FD2C5004CBECC /* Products */ = {
			isa = PBXGroup;
			children = (
				24C106BB2C4FD2C5004CBECC /* Example.app */,
				24C106D12C4FD2C7004CBECC /* ExampleTests.xctest */,
				24C106DB2C4FD2C7004CBECC /* ExampleUITests.xctest */,
			);
			name = Products;
			sourceTree = "<group>";
		};
		24C106BD2C4FD2C5004CBECC /* Example */ = {
			isa = PBXGroup;
			children = (
				24C106BE2C4FD2C5004CBECC /* AppDelegate.swift */,
				24C106C02C4FD2C5004CBECC /* SceneDelegate.swift */,
				24C106C22C4FD2C5004CBECC /* ViewController.swift */,
				24C106C42C4FD2C5004CBECC /* Main.storyboard */,
				24C106C72C4FD2C6004CBECC /* Assets.xcassets */,
				24C106C92C4FD2C6004CBECC /* LaunchScreen.storyboard */,
				24C106CC2C4FD2C6004CBECC /* Info.plist */,
			);
			path = Example;
			sourceTree = "<group>";
		};
		24C106D42C4FD2C7004CBECC /* ExampleTests */ = {
			isa = PBXGroup;
			children = (
				24C106D52C4FD2C7004CBECC /* ExampleTests.swift */,
			);
			path = ExampleTests;
			sourceTree = "<group>";
		};
		24C106DE2C4FD2C7004CBECC /* ExampleUITests */ = {
			isa = PBXGroup;
			children = (
				24C106DF2C4FD2C7004CBECC /* ExampleUITests.swift */,
				24C106E12C4FD2C7004CBECC /* ExampleUITestsLaunchTests.swift */,
			);
			path = ExampleUITests;
			sourceTree = "<group>";
		};
		44C4BD6E0E96838884EA564F /* Frameworks */ = {
			isa = PBXGroup;
			children = (
				B84A90D6CD88530EABA3CE23 /* Pods_Example.framework */,
			);
			name = Frameworks;
			sourceTree = "<group>";
		};
		AEB8EC6B67D20BA753ADB00D /* Pods */ = {
			isa = PBXGroup;
			children = (
				0C113D31D87F6F0BB566EA9C /* Pods-Example.debug.xcconfig */,
				0CC8EF2CC8EFA52375A2E32F /* Pods-Example.release.xcconfig */,
			);
			path = Pods;
			sourceTree = "<group>";
		};
/* End PBXGroup section */

/* Begin PBXNativeTarget section */
		24C106BA2C4FD2C5004CBECC /* Example */ = {
			isa = PBXNativeTarget;
			buildConfigurationList = 24C106E52C4FD2C7004CBECC /* Build configuration list for PBXNativeTarget "Example" */;
			buildPhases = (
				4F17B7C4E29C0FEBBA66C477 /* [CP] Check Pods Manifest.lock */,
				24C106B72C4FD2C5004CBECC /* Sources */,
				24C106B82C4FD2C5004CBECC /* Frameworks */,
				24C106B92C4FD2C5004CBECC /* Resources */,
				F6EAB1FBA0FBD9EE2E872CD9 /* [CP] Embed Pods Frameworks */,
			);
			buildRules = (
			);
			dependencies = (
			);
			name = Example;
			productName = Example;
			productReference = 24C106BB2C4FD2C5004CBECC /* Example.app */;
			productType = "com.apple.product-type.application";
		};
		24C106D02C4FD2C7004CBECC /* ExampleTests */ = {
			isa = PBXNativeTarget;
			buildConfigurationList = 24C106E82C4FD2C7004CBECC /* Build configuration list for PBXNativeTarget "ExampleTests" */;
			buildPhases = (
				24C106CD2C4FD2C7004CBECC /* Sources */,
				24C106CE2C4FD2C7004CBECC /* Frameworks */,
				24C106CF2C4FD2C7004CBECC /* Resources */,
			);
			buildRules = (
			);
			dependencies = (
				24C106D32C4FD2C7004CBECC /* PBXTargetDependency */,
			);
			name = ExampleTests;
			productName = ExampleTests;
			productReference = 24C106D12C4FD2C7004CBECC /* ExampleTests.xctest */;
			productType = "com.apple.product-type.bundle.unit-test";
		};
		24C106DA2C4FD2C7004CBECC /* ExampleUITests */ = {
			isa = PBXNativeTarget;
			buildConfigurationList = 24C106EB2C4FD2C7004CBECC /* Build configuration list for PBXNativeTarget "ExampleUITests" */;
			buildPhases = (
				24C106D72C4FD2C7004CBECC /* Sources */,
				24C106D82C4FD2C7004CBECC /* Frameworks */,
				24C106D92C4FD2C7004CBECC /* Resources */,
			);
			buildRules = (
			);
			dependencies = (
				24C106DD2C4FD2C7004CBECC /* PBXTargetDependency */,
			);
			name = ExampleUITests;
			productName = ExampleUITests;
			productReference = 24C106DB2C4FD2C7004CBECC /* ExampleUITests.xctest */;
			productType = "com.apple.product-type.bundle.ui-testing";
		};
/* End PBXNativeTarget section */

/* Begin PBXProject section */
		24C106B32C4FD2C5004CBECC /* Project object */ = {
			isa = PBXProject;
			attributes = {
				BuildIndependentTargetsInParallel = 1;
				LastSwiftUpdateCheck = 1530;
				LastUpgradeCheck = 1530;
				TargetAttributes = {
					24C106BA2C4FD2C5004CBECC = {
						CreatedOnToolsVersion = 15.3;
					};
					24C106D02C4FD2C7004CBECC = {
						CreatedOnToolsVersion = 15.3;
						TestTargetID = 24C106BA2C4FD2C5004CBECC;
					};
					24C106DA2C4FD2C7004CBECC = {
						CreatedOnToolsVersion = 15.3;
						TestTargetID = 24C106BA2C4FD2C5004CBECC;
					};
				};
			};
			buildConfigurationList = 24C106B62C4FD2C5004CBECC /* Build configuration list for PBXProject "Example" */;
			compatibilityVersion = "Xcode 14.0";
			developmentRegion = en;
			hasScannedForEncodings = 0;
			knownRegions = (
				en,
				Base,
			);
			mainGroup = 24C106B22C4FD2C5004CBECC;
			productRefGroup = 24C106BC2C4FD2C5004CBECC /* Products */;
			projectDirPath = "";
			projectRoot = "";
			targets = (
				24C106BA2C4FD2C5004CBECC /* Example */,
				24C106D02C4FD2C7004CBECC /* ExampleTests */,
				24C106DA2C4FD2C7004CBECC /* ExampleUITests */,
			);
		};
/* End PBXProject section */

/* Begin PBXResourcesBuildPhase section */
		24C106B92C4FD2C5004CBECC /* Resources */ = {
			isa = PBXResourcesBuildPhase;
			buildActionMask = 2147483647;
			files = (
				24C106C82C4FD2C6004CBECC /* Assets.xcassets in Resources */,
				24C106CB2C4FD2C6004CBECC /* Base in Resources */,
				24C106C62C4FD2C5004CBECC /* Base in Resources */,
			);
			runOnlyForDeploymentPostprocessing = 0;
		};
		24C106CF2C4FD2C7004CBECC /* Resources */ = {
			isa = PBXResourcesBuildPhase;
			buildActionMask = 2147483647;
			files = (
			);
			runOnlyForDeploymentPostprocessing = 0;
		};
		24C106D92C4FD2C7004CBECC /* Resources */ = {
			isa = PBXResourcesBuildPhase;
			buildActionMask = 2147483647;
			files = (
			);
			runOnlyForDeploymentPostprocessing = 0;
		};
/* End PBXResourcesBuildPhase section */

/* Begin PBXShellScriptBuildPhase section */
		4F17B7C4E29C0FEBBA66C477 /* [CP] Check Pods Manifest.lock */ = {
			isa = PBXShellScriptBuildPhase;
			buildActionMask = 2147483647;
			files = (
			);
			inputFileListPaths = (
			);
			inputPaths = (
				"${PODS_PODFILE_DIR_PATH}/Podfile.lock",
				"${PODS_ROOT}/Manifest.lock",
			);
			name = "[CP] Check Pods Manifest.lock";
			outputFileListPaths = (
			);
			outputPaths = (
				"$(DERIVED_FILE_DIR)/Pods-Example-checkManifestLockResult.txt",
			);
			runOnlyForDeploymentPostprocessing = 0;
			shellPath = /bin/sh;
			shellScript = "diff \"${PODS_PODFILE_DIR_PATH}/Podfile.lock\" \"${PODS_ROOT}/Manifest.lock\" > /dev/null\nif [ $? != 0 ] ; then\n    # print error to STDERR\n    echo \"error: The sandbox is not in sync with the Podfile.lock. Run 'pod install' or update your CocoaPods installation.\" >&2\n    exit 1\nfi\n# This output is used by Xcode 'outputs' to avoid re-running this script phase.\necho \"SUCCESS\" > \"${SCRIPT_OUTPUT_FILE_0}\"\n";
			showEnvVarsInLog = 0;
		};
		F6EAB1FBA0FBD9EE2E872CD9 /* [CP] Embed Pods Frameworks */ = {
			isa = PBXShellScriptBuildPhase;
			buildActionMask = 2147483647;
			files = (
			);
			inputFileListPaths = (
				"${PODS_ROOT}/Target Support Files/Pods-Example/Pods-Example-frameworks-${CONFIGURATION}-input-files.xcfilelist",
			);
			name = "[CP] Embed Pods Frameworks";
			outputFileListPaths = (
				"${PODS_ROOT}/Target Support Files/Pods-Example/Pods-Example-frameworks-${CONFIGURATION}-output-files.xcfilelist",
			);
			runOnlyForDeploymentPostprocessing = 0;
			shellPath = /bin/sh;
			shellScript = "\"${PODS_ROOT}/Target Support Files/Pods-Example/Pods-Example-frameworks.sh\"\n";
			showEnvVarsInLog = 0;
		};
/* End PBXShellScriptBuildPhase section */

/* Begin PBXSourcesBuildPhase section */
		24C106B72C4FD2C5004CBECC /* Sources */ = {
			isa = PBXSourcesBuildPhase;
			buildActionMask = 2147483647;
			files = (
				24C106C32C4FD2C5004CBECC /* ViewController.swift in Sources */,
				24C106BF2C4FD2C5004CBECC /* AppDelegate.swift in Sources */,
				24C106C12C4FD2C5004CBECC /* SceneDelegate.swift in Sources */,
			);
			runOnlyForDeploymentPostprocessing = 0;
		};
		24C106CD2C4FD2C7004CBECC /* Sources */ = {
			isa = PBXSourcesBuildPhase;
			buildActionMask = 2147483647;
			files = (
				24C106D62C4FD2C7004CBECC /* ExampleTests.swift in Sources */,
			);
			runOnlyForDeploymentPostprocessing = 0;
		};
		24C106D72C4FD2C7004CBECC /* Sources */ = {
			isa = PBXSourcesBuildPhase;
			buildActionMask = 2147483647;
			files = (
				24C106E02C4FD2C7004CBECC /* ExampleUITests.swift in Sources */,
				24C106E22C4FD2C7004CBECC /* ExampleUITestsLaunchTests.swift in Sources */,
			);
			runOnlyForDeploymentPostprocessing = 0;
		};
/* End PBXSourcesBuildPhase section */

/* Begin PBXTargetDependency section */
		24C106D32C4FD2C7004CBECC /* PBXTargetDependency */ = {
			isa = PBXTargetDependency;
			target = 24C106BA2C4FD2C5004CBECC /* Example */;
			targetProxy = 24C106D22C4FD2C7004CBECC /* PBXContainerItemProxy */;
		};
		24C106DD2C4FD2C7004CBECC /* PBXTargetDependency */ = {
			isa = PBXTargetDependency;
			target = 24C106BA2C4FD2C5004CBECC /* Example */;
			targetProxy = 24C106DC2C4FD2C7004CBECC /* PBXContainerItemProxy */;
		};
/* End PBXTargetDependency section */

/* Begin PBXVariantGroup section */
		24C106C42C4FD2C5004CBECC /* Main.storyboard */ = {
			isa = PBXVariantGroup;
			children = (
				24C106C52C4FD2C5004CBECC /* Base */,
			);
			name = Main.storyboard;
			sourceTree = "<group>";
		};
		24C106C92C4FD2C6004CBECC /* LaunchScreen.storyboard */ = {
			isa = PBXVariantGroup;
			children = (
				24C106CA2C4FD2C6004CBECC /* Base */,
			);
			name = LaunchScreen.storyboard;
			sourceTree = "<group>";
		};
/* End PBXVariantGroup section */

/* Begin XCBuildConfiguration section */
		24C106E32C4FD2C7004CBECC /* Debug */ = {
			isa = XCBuildConfiguration;
			buildSettings = {
				ALWAYS_SEARCH_USER_PATHS = NO;
				ASSETCATALOG_COMPILER_GENERATE_SWIFT_ASSET_SYMBOL_EXTENSIONS = YES;
				CLANG_ANALYZER_NONNULL = YES;
				CLANG_ANALYZER_NUMBER_OBJECT_CONVERSION = YES_AGGRESSIVE;
				CLANG_CXX_LANGUAGE_STANDARD = "gnu++20";
				CLANG_ENABLE_MODULES = YES;
				CLANG_ENABLE_OBJC_ARC = YES;
				CLANG_ENABLE_OBJC_WEAK = YES;
				CLANG_WARN_BLOCK_CAPTURE_AUTORELEASING = YES;
				CLANG_WARN_BOOL_CONVERSION = YES;
				CLANG_WARN_COMMA = YES;
				CLANG_WARN_CONSTANT_CONVERSION = YES;
				CLANG_WARN_DEPRECATED_OBJC_IMPLEMENTATIONS = YES;
				CLANG_WARN_DIRECT_OBJC_ISA_USAGE = YES_ERROR;
				CLANG_WARN_DOCUMENTATION_COMMENTS = YES;
				CLANG_WARN_EMPTY_BODY = YES;
				CLANG_WARN_ENUM_CONVERSION = YES;
				CLANG_WARN_INFINITE_RECURSION = YES;
				CLANG_WARN_INT_CONVERSION = YES;
				CLANG_WARN_NON_LITERAL_NULL_CONVERSION = YES;
				CLANG_WARN_OBJC_IMPLICIT_RETAIN_SELF = YES;
				CLANG_WARN_OBJC_LITERAL_CONVERSION = YES;
				CLANG_WARN_OBJC_ROOT_CLASS = YES_ERROR;
				CLANG_WARN_QUOTED_INCLUDE_IN_FRAMEWORK_HEADER = YES;
				CLANG_WARN_RANGE_LOOP_ANALYSIS = YES;
				CLANG_WARN_STRICT_PROTOTYPES = YES;
				CLANG_WARN_SUSPICIOUS_MOVE = YES;
				CLANG_WARN_UNGUARDED_AVAILABILITY = YES_AGGRESSIVE;
				CLANG_WARN_UNREACHABLE_CODE = YES;
				CLANG_WARN__DUPLICATE_METHOD_MATCH = YES;
				COPY_PHASE_STRIP = NO;
				DEBUG_INFORMATION_FORMAT = dwarf;
				ENABLE_STRICT_OBJC_MSGSEND = YES;
				ENABLE_TESTABILITY = YES;
				ENABLE_USER_SCRIPT_SANDBOXING = YES;
				GCC_C_LANGUAGE_STANDARD = gnu17;
				GCC_DYNAMIC_NO_PIC = NO;
				GCC_NO_COMMON_BLOCKS = YES;
				GCC_OPTIMIZATION_LEVEL = 0;
				GCC_PREPROCESSOR_DEFINITIONS = (
					"DEBUG=1",
					"$(inherited)",
				);
				GCC_WARN_64_TO_32_BIT_CONVERSION = YES;
				GCC_WARN_ABOUT_RETURN_TYPE = YES_ERROR;
				GCC_WARN_UNDECLARED_SELECTOR = YES;
				GCC_WARN_UNINITIALIZED_AUTOS = YES_AGGRESSIVE;
				GCC_WARN_UNUSED_FUNCTION = YES;
				GCC_WARN_UNUSED_VARIABLE = YES;
				IPHONEOS_DEPLOYMENT_TARGET = 17.4;
				LOCALIZATION_PREFERS_STRING_CATALOGS = YES;
				MTL_ENABLE_DEBUG_INFO = INCLUDE_SOURCE;
				MTL_FAST_MATH = YES;
				ONLY_ACTIVE_ARCH = YES;
				SDKROOT = iphoneos;
				SWIFT_ACTIVE_COMPILATION_CONDITIONS = "DEBUG $(inherited)";
				SWIFT_OPTIMIZATION_LEVEL = "-Onone";
			};
			name = Debug;
		};
		24C106E42C4FD2C7004CBECC /* Release */ = {
			isa = XCBuildConfiguration;
			buildSettings = {
				ALWAYS_SEARCH_USER_PATHS = NO;
				ASSETCATALOG_COMPILER_GENERATE_SWIFT_ASSET_SYMBOL_EXTENSIONS = YES;
				CLANG_ANALYZER_NONNULL = YES;
				CLANG_ANALYZER_NUMBER_OBJECT_CONVERSION = YES_AGGRESSIVE;
				CLANG_CXX_LANGUAGE_STANDARD = "gnu++20";
				CLANG_ENABLE_MODULES = YES;
				CLANG_ENABLE_OBJC_ARC = YES;
				CLANG_ENABLE_OBJC_WEAK = YES;
				CLANG_WARN_BLOCK_CAPTURE_AUTORELEASING = YES;
				CLANG_WARN_BOOL_CONVERSION = YES;
				CLANG_WARN_COMMA = YES;
				CLANG_WARN_CONSTANT_CONVERSION = YES;
				CLANG_WARN_DEPRECATED_OBJC_IMPLEMENTATIONS = YES;
				CLANG_WARN_DIRECT_OBJC_ISA_USAGE = YES_ERROR;
				CLANG_WARN_DOCUMENTATION_COMMENTS = YES;
				CLANG_WARN_EMPTY_BODY = YES;
				CLANG_WARN_ENUM_CONVERSION = YES;
				CLANG_WARN_INFINITE_RECURSION = YES;
				CLANG_WARN_INT_CONVERSION = YES;
				CLANG_WARN_NON_LITERAL_NULL_CONVERSION = YES;
				CLANG_WARN_OBJC_IMPLICIT_RETAIN_SELF = YES;
				CLANG_WARN_OBJC_LITERAL_CONVERSION = YES;
				CLANG_WARN_OBJC_ROOT_CLASS = YES_ERROR;
				CLANG_WARN_QUOTED_INCLUDE_IN_FRAMEWORK_HEADER = YES;
				CLANG_WARN_RANGE_LOOP_ANALYSIS = YES;
				CLANG_WARN_STRICT_PROTOTYPES = YES;
				CLANG_WARN_SUSPICIOUS_MOVE = YES;
				CLANG_WARN_UNGUARDED_AVAILABILITY = YES_AGGRESSIVE;
				CLANG_WARN_UNREACHABLE_CODE = YES;
				CLANG_WARN__DUPLICATE_METHOD_MATCH = YES;
				COPY_PHASE_STRIP = NO;
				DEBUG_INFORMATION_FORMAT = "dwarf-with-dsym";
				ENABLE_NS_ASSERTIONS = NO;
				ENABLE_STRICT_OBJC_MSGSEND = YES;
				ENABLE_USER_SCRIPT_SANDBOXING = YES;
				GCC_C_LANGUAGE_STANDARD = gnu17;
				GCC_NO_COMMON_BLOCKS = YES;
				GCC_WARN_64_TO_32_BIT_CONVERSION = YES;
				GCC_WARN_ABOUT_RETURN_TYPE = YES_ERROR;
				GCC_WARN_UNDECLARED_SELECTOR = YES;
				GCC_WARN_UNINITIALIZED_AUTOS = YES_AGGRESSIVE;
				GCC_WARN_UNUSED_FUNCTION = YES;
				GCC_WARN_UNUSED_VARIABLE = YES;
				IPHONEOS_DEPLOYMENT_TARGET = 17.4;
				LOCALIZATION_PREFERS_STRING_CATALOGS = YES;
				MTL_ENABLE_DEBUG_INFO = NO;
				MTL_FAST_MATH = YES;
				SDKROOT = iphoneos;
				SWIFT_COMPILATION_MODE = wholemodule;
				VALIDATE_PRODUCT = YES;
			};
			name = Release;
		};
		24C106E62C4FD2C7004CBECC /* Debug */ = {
			isa = XCBuildConfiguration;
			baseConfigurationReference = 0C113D31D87F6F0BB566EA9C /* Pods-Example.debug.xcconfig */;
			buildSettings = {
				ASSETCATALOG_COMPILER_APPICON_NAME = AppIcon;
				ASSETCATALOG_COMPILER_GLOBAL_ACCENT_COLOR_NAME = AccentColor;
				CODE_SIGN_STYLE = Automatic;
				CURRENT_PROJECT_VERSION = 1;
				ENABLE_USER_SCRIPT_SANDBOXING = NO;
				GENERATE_INFOPLIST_FILE = YES;
				INFOPLIST_FILE = Example/Info.plist;
				INFOPLIST_KEY_UIApplicationSupportsIndirectInputEvents = YES;
				INFOPLIST_KEY_UILaunchStoryboardName = LaunchScreen;
				INFOPLIST_KEY_UIMainStoryboardFile = Main;
				INFOPLIST_KEY_UISupportedInterfaceOrientations_iPad = "UIInterfaceOrientationPortrait UIInterfaceOrientationPortraitUpsideDown UIInterfaceOrientationLandscapeLeft UIInterfaceOrientationLandscapeRight";
				INFOPLIST_KEY_UISupportedInterfaceOrientations_iPhone = "UIInterfaceOrientationPortrait UIInterfaceOrientationLandscapeLeft UIInterfaceOrientationLandscapeRight";
				LD_RUNPATH_SEARCH_PATHS = (
					"$(inherited)",
					"@executable_path/Frameworks",
				);
				MARKETING_VERSION = 1.0;
				PRODUCT_BUNDLE_IDENTIFIER = com.yltang.package.example.Example;
				PRODUCT_NAME = "$(TARGET_NAME)";
				SWIFT_EMIT_LOC_STRINGS = YES;
				SWIFT_VERSION = 5.0;
				TARGETED_DEVICE_FAMILY = "1,2";
			};
			name = Debug;
		};
		24C106E72C4FD2C7004CBECC /* Release */ = {
			isa = XCBuildConfiguration;
			baseConfigurationReference = 0CC8EF2CC8EFA52375A2E32F /* Pods-Example.release.xcconfig */;
			buildSettings = {
				ASSETCATALOG_COMPILER_APPICON_NAME = AppIcon;
				ASSETCATALOG_COMPILER_GLOBAL_ACCENT_COLOR_NAME = AccentColor;
				CODE_SIGN_STYLE = Automatic;
				CURRENT_PROJECT_VERSION = 1;
				ENABLE_USER_SCRIPT_SANDBOXING = NO;
				GENERATE_INFOPLIST_FILE = YES;
				INFOPLIST_FILE = Example/Info.plist;
				INFOPLIST_KEY_UIApplicationSupportsIndirectInputEvents = YES;
				INFOPLIST_KEY_UILaunchStoryboardName = LaunchScreen;
				INFOPLIST_KEY_UIMainStoryboardFile = Main;
				INFOPLIST_KEY_UISupportedInterfaceOrientations_iPad = "UIInterfaceOrientationPortrait UIInterfaceOrientationPortraitUpsideDown UIInterfaceOrientationLandscapeLeft UIInterfaceOrientationLandscapeRight";
				INFOPLIST_KEY_UISupportedInterfaceOrientations_iPhone = "UIInterfaceOrientationPortrait UIInterfaceOrientationLandscapeLeft UIInterfaceOrientationLandscapeRight";
				LD_RUNPATH_SEARCH_PATHS = (
					"$(inherited)",
					"@executable_path/Frameworks",
				);
				MARKETING_VERSION = 1.0;
				PRODUCT_BUNDLE_IDENTIFIER = com.yltang.package.example.Example;
				PRODUCT_NAME = "$(TARGET_NAME)";
				SWIFT_EMIT_LOC_STRINGS = YES;
				SWIFT_VERSION = 5.0;
				TARGETED_DEVICE_FAMILY = "1,2";
			};
			name = Release;
		};
		24C106E92C4FD2C7004CBECC /* Debug */ = {
			isa = XCBuildConfiguration;
			buildSettings = {
				ALWAYS_EMBED_SWIFT_STANDARD_LIBRARIES = YES;
				BUNDLE_LOADER = "$(TEST_HOST)";
				CODE_SIGN_STYLE = Automatic;
				CURRENT_PROJECT_VERSION = 1;
				GENERATE_INFOPLIST_FILE = YES;
				IPHONEOS_DEPLOYMENT_TARGET = 17.4;
				MARKETING_VERSION = 1.0;
				PRODUCT_BUNDLE_IDENTIFIER = com.yltang.package.example.ExampleTests;
				PRODUCT_NAME = "$(TARGET_NAME)";
				SWIFT_EMIT_LOC_STRINGS = NO;
				SWIFT_VERSION = 5.0;
				TARGETED_DEVICE_FAMILY = "1,2";
				TEST_HOST = "$(BUILT_PRODUCTS_DIR)/Example.app/$(BUNDLE_EXECUTABLE_FOLDER_PATH)/Example";
			};
			name = Debug;
		};
		24C106EA2C4FD2C7004CBECC /* Release */ = {
			isa = XCBuildConfiguration;
			buildSettings = {
				ALWAYS_EMBED_SWIFT_STANDARD_LIBRARIES = YES;
				BUNDLE_LOADER = "$(TEST_HOST)";
				CODE_SIGN_STYLE = Automatic;
				CURRENT_PROJECT_VERSION = 1;
				GENERATE_INFOPLIST_FILE = YES;
				IPHONEOS_DEPLOYMENT_TARGET = 17.4;
				MARKETING_VERSION = 1.0;
				PRODUCT_BUNDLE_IDENTIFIER = com.yltang.package.example.ExampleTests;
				PRODUCT_NAME = "$(TARGET_NAME)";
				SWIFT_EMIT_LOC_STRINGS = NO;
				SWIFT_VERSION = 5.0;
				TARGETED_DEVICE_FAMILY = "1,2";
				TEST_HOST = "$(BUILT_PRODUCTS_DIR)/Example.app/$(BUNDLE_EXECUTABLE_FOLDER_PATH)/Example";
			};
			name = Release;
		};
		24C106EC2C4FD2C7004CBECC /* Debug */ = {
			isa = XCBuildConfiguration;
			buildSettings = {
				ALWAYS_EMBED_SWIFT_STANDARD_LIBRARIES = YES;
				CODE_SIGN_STYLE = Automatic;
				CURRENT_PROJECT_VERSION = 1;
				GENERATE_INFOPLIST_FILE = YES;
				MARKETING_VERSION = 1.0;
				PRODUCT_BUNDLE_IDENTIFIER = com.yltang.package.example.ExampleUITests;
				PRODUCT_NAME = "$(TARGET_NAME)";
				SWIFT_EMIT_LOC_STRINGS = NO;
				SWIFT_VERSION = 5.0;
				TARGETED_DEVICE_FAMILY = "1,2";
				TEST_TARGET_NAME = Example;
			};
			name = Debug;
		};
		24C106ED2C4FD2C7004CBECC /* Release */ = {
			isa = XCBuildConfiguration;
			buildSettings = {
				ALWAYS_EMBED_SWIFT_STANDARD_LIBRARIES = YES;
				CODE_SIGN_STYLE = Automatic;
				CURRENT_PROJECT_VERSION = 1;
				GENERATE_INFOPLIST_FILE = YES;
				MARKETING_VERSION = 1.0;
				PRODUCT_BUNDLE_IDENTIFIER = com.yltang.package.example.ExampleUITests;
				PRODUCT_NAME = "$(TARGET_NAME)";
				SWIFT_EMIT_LOC_STRINGS = NO;
				SWIFT_VERSION = 5.0;
				TARGETED_DEVICE_FAMILY = "1,2";
				TEST_TARGET_NAME = Example;
			};
			name = Release;
		};
/* End XCBuildConfiguration section */

/* Begin XCConfigurationList section */
		24C106B62C4FD2C5004CBECC /* Build configuration list for PBXProject "Example" */ = {
			isa = XCConfigurationList;
			buildConfigurations = (
				24C106E32C4FD2C7004CBECC /* Debug */,
				24C106E42C4FD2C7004CBECC /* Release */,
			);
			defaultConfigurationIsVisible = 0;
			defaultConfigurationName = Release;
		};
		24C106E52C4FD2C7004CBECC /* Build configuration list for PBXNativeTarget "Example" */ = {
			isa = XCConfigurationList;
			buildConfigurations = (
				24C106E62C4FD2C7004CBECC /* Debug */,
				24C106E72C4FD2C7004CBECC /* Release */,
			);
			defaultConfigurationIsVisible = 0;
			defaultConfigurationName = Release;
		};
		24C106E82C4FD2C7004CBECC /* Build configuration list for PBXNativeTarget "ExampleTests" */ = {
			isa = XCConfigurationList;
			buildConfigurations = (
				24C106E92C4FD2C7004CBECC /* Debug */,
				24C106EA2C4FD2C7004CBECC /* Release */,
			);
			defaultConfigurationIsVisible = 0;
			defaultConfigurationName = Release;
		};
		24C106EB2C4FD2C7004CBECC /* Build configuration list for PBXNativeTarget "ExampleUITests" */ = {
			isa = XCConfigurationList;
			buildConfigurations = (
				24C106EC2C4FD2C7004CBECC /* Debug */,
				24C106ED2C4FD2C7004CBECC /* Release */,
			);
			defaultConfigurationIsVisible = 0;
			defaultConfigurationName = Release;
		};
/* End XCConfigurationList section */
	};
	rootObject = 24C106B32C4FD2C5004CBECC /* Project object */;
}
